
Microsoft Visual Studio Solution File, Format Version 12.00
# Visual Studio Version 17
VisualStudioVersion = 17.14.36109.1 d17.14
MinimumVisualStudioVersion = 10.0.40219.1
Project("{FAE04EC0-301F-11D3-BF4B-00C04F79EFBC}") = "ProjetoPizzaria", "ProjetoPizzaria\ProjetoPizzaria.csproj", "{4685F577-34E6-45D7-B83C-9B8F71C2ACD4}"
EndProject
Global
	GlobalSection(SolutionConfigurationPlatforms) = preSolution
		Debug|Any CPU = Debug|Any CPU
		Release|Any CPU = Release|Any CPU
	EndGlobalSection
	GlobalSection(ProjectConfigurationPlatforms) = postSolution
		{4685F577-34E6-45D7-B83C-9B8F71C2ACD4}.Debug|Any CPU.ActiveCfg = Debug|Any CPU
		{4685F577-34E6-45D7-B83C-9B8F71C2ACD4}.Debug|Any CPU.Build.0 = Debug|Any CPU
		{4685F577-34E6-45D7-B83C-9B8F71C2ACD4}.Release|Any CPU.ActiveCfg = Release|Any CPU
		{4685F577-34E6-45D7-B83C-9B8F71C2ACD4}.Release|Any CPU.Build.0 = Release|Any CPU
	EndGlobalSection
	GlobalSection(SolutionProperties) = preSolution
		HideSolutionNode = FALSE
	EndGlobalSection
	GlobalSection(ExtensibilityGlobals) = postSolution
		SolutionGuid = {FC32D322-3379-4432-8EBB-CD64E01494C4}
	EndGlobalSection
EndGlobal
